
Microsoft Visual Studio Solution File, Format Version 12.00
# Visual Studio 15
Project("{FAE04EC0-301F-11D3-BF4B-00C04F79EFBC}") = "TestLibrary", "TestLibrary\TestLibrary.csproj", "{7849A94F-B682-4123-AB7B-3C8280FDC4CB}"
EndProject
Project("{FAE04EC0-301F-11D3-BF4B-00C04F79EFBC}") = "Testing_TestLibrary", "Testing_TestLibrary\Testing_TestLibrary.csproj", "{579E8D61-2D62-4548-ABD3-9E6574138A54}"
EndProject
Global
	GlobalSection(SolutionConfigurationPlatforms) = preSolution
		Debug|Any CPU = Debug|Any CPU
		Release|Any CPU = Release|Any CPU
	EndGlobalSection
	GlobalSection(ProjectConfigurationPlatforms) = postSolution
		{7849A94F-B682-4123-AB7B-3C8280FDC4CB}.Debug|Any CPU.ActiveCfg = Debug|Any CPU
		{7849A94F-B682-4123-AB7B-3C8280FDC4CB}.Debug|Any CPU.Build.0 = Debug|Any CPU
		{7849A94F-B682-4123-AB7B-3C8280FDC4CB}.Release|Any CPU.ActiveCfg = Release|Any CPU
		{7849A94F-B682-4123-AB7B-3C8280FDC4CB}.Release|Any CPU.Build.0 = Release|Any CPU
		{579E8D61-2D62-4548-ABD3-9E6574138A54}.Debug|Any CPU.ActiveCfg = Debug|Any CPU
		{579E8D61-2D62-4548-ABD3-9E6574138A54}.Debug|Any CPU.Build.0 = Debug|Any CPU
		{579E8D61-2D62-4548-ABD3-9E6574138A54}.Release|Any CPU.ActiveCfg = Release|Any CPU
		{579E8D61-2D62-4548-ABD3-9E6574138A54}.Release|Any CPU.Build.0 = Release|Any CPU
	EndGlobalSection
EndGlobal
